
Microsoft Visual Studio Solution File, Format Version 12.00
# Visual Studio 15
VisualStudioVersion = 15.0.27703.2035
MinimumVisualStudioVersion = 10.0.40219.1
Project("{FAE04EC0-301F-11D3-BF4B-00C04F79EFBC}") = "ServiceScreenWindows2", "ServiceScreenWindows\ServiceScreenWindows2.csproj", "{906F61D5-9A2E-49F0-9628-60429E09A314}"
EndProject
Global
	GlobalSection(SolutionConfigurationPlatforms) = preSolution
		Debug|Any CPU = Debug|Any CPU
		Release|Any CPU = Release|Any CPU
	EndGlobalSection
	GlobalSection(ProjectConfigurationPlatforms) = postSolution
		{906F61D5-9A2E-49F0-9628-60429E09A314}.Debug|Any CPU.ActiveCfg = Debug|Any CPU
		{906F61D5-9A2E-49F0-9628-60429E09A314}.Debug|Any CPU.Build.0 = Debug|Any CPU
		{906F61D5-9A2E-49F0-9628-60429E09A314}.Release|Any CPU.ActiveCfg = Release|Any CPU
		{906F61D5-9A2E-49F0-9628-60429E09A314}.Release|Any CPU.Build.0 = Release|Any CPU
	EndGlobalSection
	GlobalSection(SolutionProperties) = preSolution
		HideSolutionNode = FALSE
	EndGlobalSection
	GlobalSection(ExtensibilityGlobals) = postSolution
		SolutionGuid = {BC37B9C3-9E6A-44D1-9A47-2A59D9E51318}
	EndGlobalSection
EndGlobal
